// !$*UTF8*$!
{
	archiveVersion = 1;
	classes = {
	};
	objectVersion = 56;
	objects = {

/* Begin PBXBuildFile section */
		85DD54C52C891D2B0012B08D /* teste3App.swift in Sources */ = {isa = PBXBuildFile; fileRef = 85DD54C42C891D2B0012B08D /* teste3App.swift */; };
		85DD54C72C891D2B0012B08D /* ContentView.swift in Sources */ = {isa = PBXBuildFile; fileRef = 85DD54C62C891D2B0012B08D /* ContentView.swift */; };
		85DD54C92C891D2B0012B08D /* Item.swift in Sources */ = {isa = PBXBuildFile; fileRef = 85DD54C82C891D2B0012B08D /* Item.swift */; };
		85DD54CB2C891D2D0012B08D /* Assets.xcassets in Resources */ = {isa = PBXBuildFile; fileRef = 85DD54CA2C891D2D0012B08D /* Assets.xcassets */; };
		85DD54CE2C891D2D0012B08D /* Preview Assets.xcassets in Resources */ = {isa = PBXBuildFile; fileRef = 85DD54CD2C891D2D0012B08D /* Preview Assets.xcassets */; };
		85DD54D82C891D2D0012B08D /* teste3Tests.swift in Sources */ = {isa = PBXBuildFile; fileRef = 85DD54D72C891D2D0012B08D /* teste3Tests.swift */; };
		85DD54E22C891D2D0012B08D /* teste3UITests.swift in Sources */ = {isa = PBXBuildFile; fileRef = 85DD54E12C891D2D0012B08D /* teste3UITests.swift */; };
		85DD54E42C891D2D0012B08D /* teste3UITestsLaunchTests.swift in Sources */ = {isa = PBXBuildFile; fileRef = 85DD54E32C891D2D0012B08D /* teste3UITestsLaunchTests.swift */; };
/* End PBXBuildFile section */

/* Begin PBXContainerItemProxy section */
		85DD54D42C891D2D0012B08D /* PBXContainerItemProxy */ = {
			isa = PBXContainerItemProxy;
			containerPortal = 85DD54B92C891D2B0012B08D /* Project object */;
			proxyType = 1;
			remoteGlobalIDString = 85DD54C02C891D2B0012B08D;
			remoteInfo = teste3;
		};
		85DD54DE2C891D2D0012B08D /* PBXContainerItemProxy */ = {
			isa = PBXContainerItemProxy;
			containerPortal = 85DD54B92C891D2B0012B08D /* Project object */;
			proxyType = 1;
			remoteGlobalIDString = 85DD54C02C891D2B0012B08D;
			remoteInfo = teste3;
		};
/* End PBXContainerItemProxy section */

/* Begin PBXFileReference section */
		85DD54C12C891D2B0012B08D /* teste3.app */ = {isa = PBXFileReference; explicitFileType = wrapper.application; includeInIndex = 0; path = teste3.app; sourceTree = BUILT_PRODUCTS_DIR; };
		85DD54C42C891D2B0012B08D /* teste3App.swift */ = {isa = PBXFileReference; lastKnownFileType = sourcecode.swift; path = teste3App.swift; sourceTree = "<group>"; };
		85DD54C62C891D2B0012B08D /* ContentView.swift */ = {isa = PBXFileReference; lastKnownFileType = sourcecode.swift; path = ContentView.swift; sourceTree = "<group>"; };
		85DD54C82C891D2B0012B08D /* Item.swift */ = {isa = PBXFileReference; lastKnownFileType = sourcecode.swift; path = Item.swift; sourceTree = "<group>"; };
		85DD54CA2C891D2D0012B08D /* Assets.xcassets */ = {isa = PBXFileReference; lastKnownFileType = folder.assetcatalog; path = Assets.xcassets; sourceTree = "<group>"; };
		85DD54CD2C891D2D0012B08D /* Preview Assets.xcassets */ = {isa = PBXFileReference; lastKnownFileType = folder.assetcatalog; path = "Preview Assets.xcassets"; sourceTree = "<group>"; };
		85DD54D32C891D2D0012B08D /* teste3Tests.xctest */ = {isa = PBXFileReference; explicitFileType = wrapper.cfbundle; includeInIndex = 0; path = teste3Tests.xctest; sourceTree = BUILT_PRODUCTS_DIR; };
		85DD54D72C891D2D0012B08D /* teste3Tests.swift */ = {isa = PBXFileReference; lastKnownFileType = sourcecode.swift; path = teste3Tests.swift; sourceTree = "<group>"; };
		85DD54DD2C891D2D0012B08D /* teste3UITests.xctest */ = {isa = PBXFileReference; explicitFileType = wrapper.cfbundle; includeInIndex = 0; path = teste3UITests.xctest; sourceTree = BUILT_PRODUCTS_DIR; };
		85DD54E12C891D2D0012B08D /* teste3UITests.swift */ = {isa = PBXFileReference; lastKnownFileType = sourcecode.swift; path = teste3UITests.swift; sourceTree = "<group>"; };
		85DD54E32C891D2D0012B08D /* teste3UITestsLaunchTests.swift */ = {isa = PBXFileReference; lastKnownFileType = sourcecode.swift; path = teste3UITestsLaunchTests.swift; sourceTree = "<group>"; };
/* End PBXFileReference section */

/* Begin PBXFrameworksBuildPhase section */
		85DD54BE2C891D2B0012B08D /* Frameworks */ = {
			isa = PBXFrameworksBuildPhase;
			buildActionMask = 2147483647;
			files = (
			);
			runOnlyForDeploymentPostprocessing = 0;
		};
		85DD54D02C891D2D0012B08D /* Frameworks */ = {
			isa = PBXFrameworksBuildPhase;
			buildActionMask = 2147483647;
			files = (
			);
			runOnlyForDeploymentPostprocessing = 0;
		};
		85DD54DA2C891D2D0012B08D /* Frameworks */ = {
			isa = PBXFrameworksBuildPhase;
			buildActionMask = 2147483647;
			files = (
			);
			runOnlyForDeploymentPostprocessing = 0;
		};
/* End PBXFrameworksBuildPhase section */

/* Begin PBXGroup section */
		85DD54B82C891D2B0012B08D = {
			isa = PBXGroup;
			children = (
				85DD54C32C891D2B0012B08D /* teste3 */,
				85DD54D62C891D2D0012B08D /* teste3Tests */,
				85DD54E02C891D2D0012B08D /* teste3UITests */,
				85DD54C22C891D2B0012B08D /* Products */,
			);
			sourceTree = "<group>";
		};
		85DD54C22C891D2B0012B08D /* Products */ = {
			isa = PBXGroup;
			children = (
				85DD54C12C891D2B0012B08D /* teste3.app */,
				85DD54D32C891D2D0012B08D /* teste3Tests.xctest */,
				85DD54DD2C891D2D0012B08D /* teste3UITests.xctest */,
			);
			name = Products;
			sourceTree = "<group>";
		};
		85DD54C32C891D2B0012B08D /* teste3 */ = {
			isa = PBXGroup;
			children = (
				85DD54C42C891D2B0012B08D /* teste3App.swift */,
				85DD54C62C891D2B0012B08D /* ContentView.swift */,
				85DD54C82C891D2B0012B08D /* Item.swift */,
				85DD54CA2C891D2D0012B08D /* Assets.xcassets */,
				85DD54CC2C891D2D0012B08D /* Preview Content */,
			);
			path = teste3;
			sourceTree = "<group>";
		};
		85DD54CC2C891D2D0012B08D /* Preview Content */ = {
			isa = PBXGroup;
			children = (
				85DD54CD2C891D2D0012B08D /* Preview Assets.xcassets */,
			);
			path = "Preview Content";
			sourceTree = "<group>";
		};
		85DD54D62C891D2D0012B08D /* teste3Tests */ = {
			isa = PBXGroup;
			children = (
				85DD54D72C891D2D0012B08D /* teste3Tests.swift */,
			);
			path = teste3Tests;
			sourceTree = "<group>";
		};
		85DD54E02C891D2D0012B08D /* teste3UITests */ = {
			isa = PBXGroup;
			children = (
				85DD54E12C891D2D0012B08D /* teste3UITests.swift */,
				85DD54E32C891D2D0012B08D /* teste3UITestsLaunchTests.swift */,
			);
			path = teste3UITests;
			sourceTree = "<group>";
		};
/* End PBXGroup section */

/* Begin PBXNativeTarget section */
		85DD54C02C891D2B0012B08D /* teste3 */ = {
			isa = PBXNativeTarget;
			buildConfigurationList = 85DD54E72C891D2E0012B08D /* Build configuration list for PBXNativeTarget "teste3" */;
			buildPhases = (
				85DD54BD2C891D2B0012B08D /* Sources */,
				85DD54BE2C891D2B0012B08D /* Frameworks */,
				85DD54BF2C891D2B0012B08D /* Resources */,
			);
			buildRules = (
			);
			dependencies = (
			);
			name = teste3;
			productName = teste3;
			productReference = 85DD54C12C891D2B0012B08D /* teste3.app */;
			productType = "com.apple.product-type.application";
		};
		85DD54D22C891D2D0012B08D /* teste3Tests */ = {
			isa = PBXNativeTarget;
			buildConfigurationList = 85DD54EA2C891D2E0012B08D /* Build configuration list for PBXNativeTarget "teste3Tests" */;
			buildPhases = (
				85DD54CF2C891D2D0012B08D /* Sources */,
				85DD54D02C891D2D0012B08D /* Frameworks */,
				85DD54D12C891D2D0012B08D /* Resources */,
			);
			buildRules = (
			);
			dependencies = (
				85DD54D52C891D2D0012B08D /* PBXTargetDependency */,
			);
			name = teste3Tests;
			productName = teste3Tests;
			productReference = 85DD54D32C891D2D0012B08D /* teste3Tests.xctest */;
			productType = "com.apple.product-type.bundle.unit-test";
		};
		85DD54DC2C891D2D0012B08D /* teste3UITests */ = {
			isa = PBXNativeTarget;
			buildConfigurationList = 85DD54ED2C891D2E0012B08D /* Build configuration list for PBXNativeTarget "teste3UITests" */;
			buildPhases = (
				85DD54D92C891D2D0012B08D /* Sources */,
				85DD54DA2C891D2D0012B08D /* Frameworks */,
				85DD54DB2C891D2D0012B08D /* Resources */,
			);
			buildRules = (
			);
			dependencies = (
				85DD54DF2C891D2D0012B08D /* PBXTargetDependency */,
			);
			name = teste3UITests;
			productName = teste3UITests;
			productReference = 85DD54DD2C891D2D0012B08D /* teste3UITests.xctest */;
			productType = "com.apple.product-type.bundle.ui-testing";
		};
/* End PBXNativeTarget section */

/* Begin PBXProject section */
		85DD54B92C891D2B0012B08D /* Project object */ = {
			isa = PBXProject;
			attributes = {
				BuildIndependentTargetsInParallel = 1;
				LastSwiftUpdateCheck = 1530;
				LastUpgradeCheck = 1530;
				TargetAttributes = {
					85DD54C02C891D2B0012B08D = {
						CreatedOnToolsVersion = 15.3;
					};
					85DD54D22C891D2D0012B08D = {
						CreatedOnToolsVersion = 15.3;
						TestTargetID = 85DD54C02C891D2B0012B08D;
					};
					85DD54DC2C891D2D0012B08D = {
						CreatedOnToolsVersion = 15.3;
						TestTargetID = 85DD54C02C891D2B0012B08D;
					};
				};
			};
			buildConfigurationList = 85DD54BC2C891D2B0012B08D /* Build configuration list for PBXProject "teste3" */;
			compatibilityVersion = "Xcode 14.0";
			developmentRegion = en;
			hasScannedForEncodings = 0;
			knownRegions = (
				en,
				Base,
			);
			mainGroup = 85DD54B82C891D2B0012B08D;
			productRefGroup = 85DD54C22C891D2B0012B08D /* Products */;
			projectDirPath = "";
			projectRoot = "";
			targets = (
				85DD54C02C891D2B0012B08D /* teste3 */,
				85DD54D22C891D2D0012B08D /* teste3Tests */,
				85DD54DC2C891D2D0012B08D /* teste3UITests */,
			);
		};
/* End PBXProject section */

/* Begin PBXResourcesBuildPhase section */
		85DD54BF2C891D2B0012B08D /* Resources */ = {
			isa = PBXResourcesBuildPhase;
			buildActionMask = 2147483647;
			files = (
				85DD54CE2C891D2D0012B08D /* Preview Assets.xcassets in Resources */,
				85DD54CB2C891D2D0012B08D /* Assets.xcassets in Resources */,
			);
			runOnlyForDeploymentPostprocessing = 0;
		};
		85DD54D12C891D2D0012B08D /* Resources */ = {
			isa = PBXResourcesBuildPhase;
			buildActionMask = 2147483647;
			files = (
			);
			runOnlyForDeploymentPostprocessing = 0;
		};
		85DD54DB2C891D2D0012B08D /* Resources */ = {
			isa = PBXResourcesBuildPhase;
			buildActionMask = 2147483647;
			files = (
			);
			runOnlyForDeploymentPostprocessing = 0;
		};
/* End PBXResourcesBuildPhase section */

/* Begin PBXSourcesBuildPhase section */
		85DD54BD2C891D2B0012B08D /* Sources */ = {
			isa = PBXSourcesBuildPhase;
			buildActionMask = 2147483647;
			files = (
				85DD54C72C891D2B0012B08D /* ContentView.swift in Sources */,
				85DD54C92C891D2B0012B08D /* Item.swift in Sources */,
				85DD54C52C891D2B0012B08D /* teste3App.swift in Sources */,
			);
			runOnlyForDeploymentPostprocessing = 0;
		};
		85DD54CF2C891D2D0012B08D /* Sources */ = {
			isa = PBXSourcesBuildPhase;
			buildActionMask = 2147483647;
			files = (
				85DD54D82C891D2D0012B08D /* teste3Tests.swift in Sources */,
			);
			runOnlyForDeploymentPostprocessing = 0;
		};
		85DD54D92C891D2D0012B08D /* Sources */ = {
			isa = PBXSourcesBuildPhase;
			buildActionMask = 2147483647;
			files = (
				85DD54E42C891D2D0012B08D /* teste3UITestsLaunchTests.swift in Sources */,
				85DD54E22C891D2D0012B08D /* teste3UITests.swift in Sources */,
			);
			runOnlyForDeploymentPostprocessing = 0;
		};
/* End PBXSourcesBuildPhase section */

/* Begin PBXTargetDependency section */
		85DD54D52C891D2D0012B08D /* PBXTargetDependency */ = {
			isa = PBXTargetDependency;
			target = 85DD54C02C891D2B0012B08D /* teste3 */;
			targetProxy = 85DD54D42C891D2D0012B08D /* PBXContainerItemProxy */;
		};
		85DD54DF2C891D2D0012B08D /* PBXTargetDependency */ = {
			isa = PBXTargetDependency;
			target = 85DD54C02C891D2B0012B08D /* teste3 */;
			targetProxy = 85DD54DE2C891D2D0012B08D /* PBXContainerItemProxy */;
		};
/* End PBXTargetDependency section */

/* Begin XCBuildConfiguration section */
		85DD54E52C891D2E0012B08D /* Debug */ = {
			isa = XCBuildConfiguration;
			buildSettings = {
				ALWAYS_SEARCH_USER_PATHS = NO;
				ASSETCATALOG_COMPILER_GENERATE_SWIFT_ASSET_SYMBOL_EXTENSIONS = YES;
				CLANG_ANALYZER_NONNULL = YES;
				CLANG_ANALYZER_NUMBER_OBJECT_CONVERSION = YES_AGGRESSIVE;
				CLANG_CXX_LANGUAGE_STANDARD = "gnu++20";
				CLANG_ENABLE_MODULES = YES;
				CLANG_ENABLE_OBJC_ARC = YES;
				CLANG_ENABLE_OBJC_WEAK = YES;
				CLANG_WARN_BLOCK_CAPTURE_AUTORELEASING = YES;
				CLANG_WARN_BOOL_CONVERSION = YES;
				CLANG_WARN_COMMA = YES;
				CLANG_WARN_CONSTANT_CONVERSION = YES;
				CLANG_WARN_DEPRECATED_OBJC_IMPLEMENTATIONS = YES;
				CLANG_WARN_DIRECT_OBJC_ISA_USAGE = YES_ERROR;
				CLANG_WARN_DOCUMENTATION_COMMENTS = YES;
				CLANG_WARN_EMPTY_BODY = YES;
				CLANG_WARN_ENUM_CONVERSION = YES;
				CLANG_WARN_INFINITE_RECURSION = YES;
				CLANG_WARN_INT_CONVERSION = YES;
				CLANG_WARN_NON_LITERAL_NULL_CONVERSION = YES;
				CLANG_WARN_OBJC_IMPLICIT_RETAIN_SELF = YES;
				CLANG_WARN_OBJC_LITERAL_CONVERSION = YES;
				CLANG_WARN_OBJC_ROOT_CLASS = YES_ERROR;
				CLANG_WARN_QUOTED_INCLUDE_IN_FRAMEWORK_HEADER = YES;
				CLANG_WARN_RANGE_LOOP_ANALYSIS = YES;
				CLANG_WARN_STRICT_PROTOTYPES = YES;
				CLANG_WARN_SUSPICIOUS_MOVE = YES;
				CLANG_WARN_UNGUARDED_AVAILABILITY = YES_AGGRESSIVE;
				CLANG_WARN_UNREACHABLE_CODE = YES;
				CLANG_WARN__DUPLICATE_METHOD_MATCH = YES;
				COPY_PHASE_STRIP = NO;
				DEBUG_INFORMATION_FORMAT = dwarf;
				ENABLE_STRICT_OBJC_MSGSEND = YES;
				ENABLE_TESTABILITY = YES;
				ENABLE_USER_SCRIPT_SANDBOXING = YES;
				GCC_C_LANGUAGE_STANDARD = gnu17;
				GCC_DYNAMIC_NO_PIC = NO;
				GCC_NO_COMMON_BLOCKS = YES;
				GCC_OPTIMIZATION_LEVEL = 0;
				GCC_PREPROCESSOR_DEFINITIONS = (
					"DEBUG=1",
					"$(inherited)",
				);
				GCC_WARN_64_TO_32_BIT_CONVERSION = YES;
				GCC_WARN_ABOUT_RETURN_TYPE = YES_ERROR;
				GCC_WARN_UNDECLARED_SELECTOR = YES;
				GCC_WARN_UNINITIALIZED_AUTOS = YES_AGGRESSIVE;
				GCC_WARN_UNUSED_FUNCTION = YES;
				GCC_WARN_UNUSED_VARIABLE = YES;
				IPHONEOS_DEPLOYMENT_TARGET = 17.4;
				LOCALIZATION_PREFERS_STRING_CATALOGS = YES;
				MTL_ENABLE_DEBUG_INFO = INCLUDE_SOURCE;
				MTL_FAST_MATH = YES;
				ONLY_ACTIVE_ARCH = YES;
				SDKROOT = iphoneos;
				SWIFT_ACTIVE_COMPILATION_CONDITIONS = "DEBUG $(inherited)";
				SWIFT_OPTIMIZATION_LEVEL = "-Onone";
			};
			name = Debug;
		};
		85DD54E62C891D2E0012B08D /* Release */ = {
			isa = XCBuildConfiguration;
			buildSettings = {
				ALWAYS_SEARCH_USER_PATHS = NO;
				ASSETCATALOG_COMPILER_GENERATE_SWIFT_ASSET_SYMBOL_EXTENSIONS = YES;
				CLANG_ANALYZER_NONNULL = YES;
				CLANG_ANALYZER_NUMBER_OBJECT_CONVERSION = YES_AGGRESSIVE;
				CLANG_CXX_LANGUAGE_STANDARD = "gnu++20";
				CLANG_ENABLE_MODULES = YES;
				CLANG_ENABLE_OBJC_ARC = YES;
				CLANG_ENABLE_OBJC_WEAK = YES;
				CLANG_WARN_BLOCK_CAPTURE_AUTORELEASING = YES;
				CLANG_WARN_BOOL_CONVERSION = YES;
				CLANG_WARN_COMMA = YES;
				CLANG_WARN_CONSTANT_CONVERSION = YES;
				CLANG_WARN_DEPRECATED_OBJC_IMPLEMENTATIONS = YES;
				CLANG_WARN_DIRECT_OBJC_ISA_USAGE = YES_ERROR;
				CLANG_WARN_DOCUMENTATION_COMMENTS = YES;
				CLANG_WARN_EMPTY_BODY = YES;
				CLANG_WARN_ENUM_CONVERSION = YES;
				CLANG_WARN_INFINITE_RECURSION = YES;
				CLANG_WARN_INT_CONVERSION = YES;
				CLANG_WARN_NON_LITERAL_NULL_CONVERSION = YES;
				CLANG_WARN_OBJC_IMPLICIT_RETAIN_SELF = YES;
				CLANG_WARN_OBJC_LITERAL_CONVERSION = YES;
				CLANG_WARN_OBJC_ROOT_CLASS = YES_ERROR;
				CLANG_WARN_QUOTED_INCLUDE_IN_FRAMEWORK_HEADER = YES;
				CLANG_WARN_RANGE_LOOP_ANALYSIS = YES;
				CLANG_WARN_STRICT_PROTOTYPES = YES;
				CLANG_WARN_SUSPICIOUS_MOVE = YES;
				CLANG_WARN_UNGUARDED_AVAILABILITY = YES_AGGRESSIVE;
				CLANG_WARN_UNREACHABLE_CODE = YES;
				CLANG_WARN__DUPLICATE_METHOD_MATCH = YES;
				COPY_PHASE_STRIP = NO;
				DEBUG_INFORMATION_FORMAT = "dwarf-with-dsym";
				ENABLE_NS_ASSERTIONS = NO;
				ENABLE_STRICT_OBJC_MSGSEND = YES;
				ENABLE_USER_SCRIPT_SANDBOXING = YES;
				GCC_C_LANGUAGE_STANDARD = gnu17;
				GCC_NO_COMMON_BLOCKS = YES;
				GCC_WARN_64_TO_32_BIT_CONVERSION = YES;
				GCC_WARN_ABOUT_RETURN_TYPE = YES_ERROR;
				GCC_WARN_UNDECLARED_SELECTOR = YES;
				GCC_WARN_UNINITIALIZED_AUTOS = YES_AGGRESSIVE;
				GCC_WARN_UNUSED_FUNCTION = YES;
				GCC_WARN_UNUSED_VARIABLE = YES;
				IPHONEOS_DEPLOYMENT_TARGET = 17.4;
				LOCALIZATION_PREFERS_STRING_CATALOGS = YES;
				MTL_ENABLE_DEBUG_INFO = NO;
				MTL_FAST_MATH = YES;
				SDKROOT = iphoneos;
				SWIFT_COMPILATION_MODE = wholemodule;
				VALIDATE_PRODUCT = YES;
			};
			name = Release;
		};
		85DD54E82C891D2E0012B08D /* Debug */ = {
			isa = XCBuildConfiguration;
			buildSettings = {
				ASSETCATALOG_COMPILER_APPICON_NAME = AppIcon;
				ASSETCATALOG_COMPILER_GLOBAL_ACCENT_COLOR_NAME = AccentColor;
				CODE_SIGN_STYLE = Automatic;
				CURRENT_PROJECT_VERSION = 1;
				DEVELOPMENT_ASSET_PATHS = "\"teste3/Preview Content\"";
				ENABLE_PREVIEWS = YES;
				GENERATE_INFOPLIST_FILE = YES;
				INFOPLIST_KEY_UIApplicationSceneManifest_Generation = YES;
				INFOPLIST_KEY_UIApplicationSupportsIndirectInputEvents = YES;
				INFOPLIST_KEY_UILaunchScreen_Generation = YES;
				INFOPLIST_KEY_UISupportedInterfaceOrientations_iPad = "UIInterfaceOrientationPortrait UIInterfaceOrientationPortraitUpsideDown UIInterfaceOrientationLandscapeLeft UIInterfaceOrientationLandscapeRight";
				INFOPLIST_KEY_UISupportedInterfaceOrientations_iPhone = "UIInterfaceOrientationPortrait UIInterfaceOrientationLandscapeLeft UIInterfaceOrientationLandscapeRight";
				LD_RUNPATH_SEARCH_PATHS = (
					"$(inherited)",
					"@executable_path/Frameworks",
				);
				MARKETING_VERSION = 1.0;
				PRODUCT_BUNDLE_IDENTIFIER = lucimaradev.teste3;
				PRODUCT_NAME = "$(TARGET_NAME)";
				SWIFT_EMIT_LOC_STRINGS = YES;
				SWIFT_VERSION = 5.0;
				TARGETED_DEVICE_FAMILY = "1,2";
			};
			name = Debug;
		};
		85DD54E92C891D2E0012B08D /* Release */ = {
			isa = XCBuildConfiguration;
			buildSettings = {
				ASSETCATALOG_COMPILER_APPICON_NAME = AppIcon;
				ASSETCATALOG_COMPILER_GLOBAL_ACCENT_COLOR_NAME = AccentColor;
				CODE_SIGN_STYLE = Automatic;
				CURRENT_PROJECT_VERSION = 1;
				DEVELOPMENT_ASSET_PATHS = "\"teste3/Preview Content\"";
				ENABLE_PREVIEWS = YES;
				GENERATE_INFOPLIST_FILE = YES;
				INFOPLIST_KEY_UIApplicationSceneManifest_Generation = YES;
				INFOPLIST_KEY_UIApplicationSupportsIndirectInputEvents = YES;
				INFOPLIST_KEY_UILaunchScreen_Generation = YES;
				INFOPLIST_KEY_UISupportedInterfaceOrientations_iPad = "UIInterfaceOrientationPortrait UIInterfaceOrientationPortraitUpsideDown UIInterfaceOrientationLandscapeLeft UIInterfaceOrientationLandscapeRight";
				INFOPLIST_KEY_UISupportedInterfaceOrientations_iPhone = "UIInterfaceOrientationPortrait UIInterfaceOrientationLandscapeLeft UIInterfaceOrientationLandscapeRight";
				LD_RUNPATH_SEARCH_PATHS = (
					"$(inherited)",
					"@executable_path/Frameworks",
				);
				MARKETING_VERSION = 1.0;
				PRODUCT_BUNDLE_IDENTIFIER = lucimaradev.teste3;
				PRODUCT_NAME = "$(TARGET_NAME)";
				SWIFT_EMIT_LOC_STRINGS = YES;
				SWIFT_VERSION = 5.0;
				TARGETED_DEVICE_FAMILY = "1,2";
			};
			name = Release;
		};
		85DD54EB2C891D2E0012B08D /* Debug */ = {
			isa = XCBuildConfiguration;
			buildSettings = {
				ALWAYS_EMBED_SWIFT_STANDARD_LIBRARIES = YES;
				BUNDLE_LOADER = "$(TEST_HOST)";
				CODE_SIGN_STYLE = Automatic;
				CURRENT_PROJECT_VERSION = 1;
				GENERATE_INFOPLIST_FILE = YES;
				IPHONEOS_DEPLOYMENT_TARGET = 17.4;
				MARKETING_VERSION = 1.0;
				PRODUCT_BUNDLE_IDENTIFIER = lucimaradev.teste3Tests;
				PRODUCT_NAME = "$(TARGET_NAME)";
				SWIFT_EMIT_LOC_STRINGS = NO;
				SWIFT_VERSION = 5.0;
				TARGETED_DEVICE_FAMILY = "1,2";
				TEST_HOST = "$(BUILT_PRODUCTS_DIR)/teste3.app/$(BUNDLE_EXECUTABLE_FOLDER_PATH)/teste3";
			};
			name = Debug;
		};
		85DD54EC2C891D2E0012B08D /* Release */ = {
			isa = XCBuildConfiguration;
			buildSettings = {
				ALWAYS_EMBED_SWIFT_STANDARD_LIBRARIES = YES;
				BUNDLE_LOADER = "$(TEST_HOST)";
				CODE_SIGN_STYLE = Automatic;
				CURRENT_PROJECT_VERSION = 1;
				GENERATE_INFOPLIST_FILE = YES;
				IPHONEOS_DEPLOYMENT_TARGET = 17.4;
				MARKETING_VERSION = 1.0;
				PRODUCT_BUNDLE_IDENTIFIER = lucimaradev.teste3Tests;
				PRODUCT_NAME = "$(TARGET_NAME)";
				SWIFT_EMIT_LOC_STRINGS = NO;
				SWIFT_VERSION = 5.0;
				TARGETED_DEVICE_FAMILY = "1,2";
				TEST_HOST = "$(BUILT_PRODUCTS_DIR)/teste3.app/$(BUNDLE_EXECUTABLE_FOLDER_PATH)/teste3";
			};
			name = Release;
		};
		85DD54EE2C891D2E0012B08D /* Debug */ = {
			isa = XCBuildConfiguration;
			buildSettings = {
				ALWAYS_EMBED_SWIFT_STANDARD_LIBRARIES = YES;
				CODE_SIGN_STYLE = Automatic;
				CURRENT_PROJECT_VERSION = 1;
				GENERATE_INFOPLIST_FILE = YES;
				MARKETING_VERSION = 1.0;
				PRODUCT_BUNDLE_IDENTIFIER = lucimaradev.teste3UITests;
				PRODUCT_NAME = "$(TARGET_NAME)";
				SWIFT_EMIT_LOC_STRINGS = NO;
				SWIFT_VERSION = 5.0;
				TARGETED_DEVICE_FAMILY = "1,2";
				TEST_TARGET_NAME = teste3;
			};
			name = Debug;
		};
		85DD54EF2C891D2E0012B08D /* Release */ = {
			isa = XCBuildConfiguration;
			buildSettings = {
				ALWAYS_EMBED_SWIFT_STANDARD_LIBRARIES = YES;
				CODE_SIGN_STYLE = Automatic;
				CURRENT_PROJECT_VERSION = 1;
				GENERATE_INFOPLIST_FILE = YES;
				MARKETING_VERSION = 1.0;
				PRODUCT_BUNDLE_IDENTIFIER = lucimaradev.teste3UITests;
				PRODUCT_NAME = "$(TARGET_NAME)";
				SWIFT_EMIT_LOC_STRINGS = NO;
				SWIFT_VERSION = 5.0;
				TARGETED_DEVICE_FAMILY = "1,2";
				TEST_TARGET_NAME = teste3;
			};
			name = Release;
		};
/* End XCBuildConfiguration section */

/* Begin XCConfigurationList section */
		85DD54BC2C891D2B0012B08D /* Build configuration list for PBXProject "teste3" */ = {
			isa = XCConfigurationList;
			buildConfigurations = (
				85DD54E52C891D2E0012B08D /* Debug */,
				85DD54E62C891D2E0012B08D /* Release */,
			);
			defaultConfigurationIsVisible = 0;
			defaultConfigurationName = Release;
		};
		85DD54E72C891D2E0012B08D /* Build configuration list for PBXNativeTarget "teste3" */ = {
			isa = XCConfigurationList;
			buildConfigurations = (
				85DD54E82C891D2E0012B08D /* Debug */,
				85DD54E92C891D2E0012B08D /* Release */,
			);
			defaultConfigurationIsVisible = 0;
			defaultConfigurationName = Release;
		};
		85DD54EA2C891D2E0012B08D /* Build configuration list for PBXNativeTarget "teste3Tests" */ = {
			isa = XCConfigurationList;
			buildConfigurations = (
				85DD54EB2C891D2E0012B08D /* Debug */,
				85DD54EC2C891D2E0012B08D /* Release */,
			);
			defaultConfigurationIsVisible = 0;
			defaultConfigurationName = Release;
		};
		85DD54ED2C891D2E0012B08D /* Build configuration list for PBXNativeTarget "teste3UITests" */ = {
			isa = XCConfigurationList;
			buildConfigurations = (
				85DD54EE2C891D2E0012B08D /* Debug */,
				85DD54EF2C891D2E0012B08D /* Release */,
			);
			defaultConfigurationIsVisible = 0;
			defaultConfigurationName = Release;
		};
/* End XCConfigurationList section */
	};
	rootObject = 85DD54B92C891D2B0012B08D /* Project object */;
}
